
Microsoft Visual Studio Solution File, Format Version 12.00
# Visual Studio Version 17
VisualStudioVersion = 17.14.36203.30
MinimumVisualStudioVersion = 10.0.40219.1
Project("{FAE04EC0-301F-11D3-BF4B-00C04F79EFBC}") = "NitouAssistant", "NitouAssistant\NitouAssistant.csproj", "{4F48D06B-0BA6-6358-17D4-756A6C831CB9}"
EndProject
Global
	GlobalSection(SolutionConfigurationPlatforms) = preSolution
		Debug|x64 = Debug|x64
		Release|x64 = Release|x64
	EndGlobalSection
	GlobalSection(ProjectConfigurationPlatforms) = postSolution
		{4F48D06B-0BA6-6358-17D4-756A6C831CB9}.Debug|x64.ActiveCfg = Debug|x64
		{4F48D06B-0BA6-6358-17D4-756A6C831CB9}.Debug|x64.Build.0 = Debug|x64
		{4F48D06B-0BA6-6358-17D4-756A6C831CB9}.Release|x64.ActiveCfg = Release|x64
		{4F48D06B-0BA6-6358-17D4-756A6C831CB9}.Release|x64.Build.0 = Release|x64
	EndGlobalSection
	GlobalSection(SolutionProperties) = preSolution
		HideSolutionNode = FALSE
	EndGlobalSection
	GlobalSection(ExtensibilityGlobals) = postSolution
		SolutionGuid = {B17E85B1-5F60-4440-9F9A-3DDE877E8CDF}
	EndGlobalSection
EndGlobal
